
Microsoft Visual Studio Solution File, Format Version 12.00
# Visual Studio Version 17
VisualStudioVersion = 17.3.32825.248
MinimumVisualStudioVersion = 10.0.40219.1
Project("{9A19103F-16F7-4668-BE54-9A1E7A4F7556}") = "MKasperczyk.GitHub.Api", "MKasperczyk.GitHub.Api\MKasperczyk.GitHub.Api.csproj", "{E7A9BAF5-7498-4777-A1F8-560CC0A2A70B}"
EndProject
Project("{FAE04EC0-301F-11D3-BF4B-00C04F79EFBC}") = "MKasperczyk.GitHub.Api.Tests", "MKasperczyk.GitHub.Api.Tests\MKasperczyk.GitHub.Api.Tests.csproj", "{097B08CF-9348-4F5E-8ACF-9ADC28FD81B0}"
EndProject
Global
	GlobalSection(SolutionConfigurationPlatforms) = preSolution
		Debug|Any CPU = Debug|Any CPU
		Release|Any CPU = Release|Any CPU
	EndGlobalSection
	GlobalSection(ProjectConfigurationPlatforms) = postSolution
		{E7A9BAF5-7498-4777-A1F8-560CC0A2A70B}.Debug|Any CPU.ActiveCfg = Debug|Any CPU
		{E7A9BAF5-7498-4777-A1F8-560CC0A2A70B}.Debug|Any CPU.Build.0 = Debug|Any CPU
		{E7A9BAF5-7498-4777-A1F8-560CC0A2A70B}.Release|Any CPU.ActiveCfg = Release|Any CPU
		{E7A9BAF5-7498-4777-A1F8-560CC0A2A70B}.Release|Any CPU.Build.0 = Release|Any CPU
		{097B08CF-9348-4F5E-8ACF-9ADC28FD81B0}.Debug|Any CPU.ActiveCfg = Debug|Any CPU
		{097B08CF-9348-4F5E-8ACF-9ADC28FD81B0}.Debug|Any CPU.Build.0 = Debug|Any CPU
		{097B08CF-9348-4F5E-8ACF-9ADC28FD81B0}.Release|Any CPU.ActiveCfg = Release|Any CPU
		{097B08CF-9348-4F5E-8ACF-9ADC28FD81B0}.Release|Any CPU.Build.0 = Release|Any CPU
	EndGlobalSection
	GlobalSection(SolutionProperties) = preSolution
		HideSolutionNode = FALSE
	EndGlobalSection
	GlobalSection(ExtensibilityGlobals) = postSolution
		SolutionGuid = {40C7C560-A06D-47BB-AEDB-03DDB0C36ACD}
	EndGlobalSection
EndGlobal
